
Microsoft Visual Studio Solution File, Format Version 12.00
# Visual Studio 15
VisualStudioVersion = 15.0.27428.2015
MinimumVisualStudioVersion = 10.0.40219.1
Project("{9A19103F-16F7-4668-BE54-9A1E7A4F7556}") = "SuperAwesomeFancyPants", "SuperAwesomeFancyPants\SuperAwesomeFancyPants.csproj", "{52B3B3FD-028D-4213-A0B1-6605F35E7BE9}"
EndProject
Project("{9A19103F-16F7-4668-BE54-9A1E7A4F7556}") = "SuperAwesomeFancyPants.Beer", "SuperAwesomeFancyPants.Beer\SuperAwesomeFancyPants.Beer.csproj", "{333F8ED9-D83F-4E01-8FCD-2C0DE73E036E}"
EndProject
Project("{9A19103F-16F7-4668-BE54-9A1E7A4F7556}") = "SuperAwesomeFancyPants.Inherit", "SuperAwesomeFancyPants.Inherit\SuperAwesomeFancyPants.Inherit.csproj", "{7F2CA18B-6467-4F66-A110-BFA425F21FE7}"
EndProject
Project("{9A19103F-16F7-4668-BE54-9A1E7A4F7556}") = "SuperAwesomeFancyPants.InheritZoo", "SuperAwesomeFancyPants.InheritZoo\SuperAwesomeFancyPants.InheritZoo.csproj", "{1FBB8493-12C8-45B5-BFB1-20157E1E37C0}"
EndProject
Project("{9A19103F-16F7-4668-BE54-9A1E7A4F7556}") = "SuperAwesomeFancyPants.Day4", "SuperAwesomeFancyPants.Day4\SuperAwesomeFancyPants.Day4.csproj", "{44F91702-5747-4F1B-8AE8-7A1136665F9E}"
EndProject
Project("{FAE04EC0-301F-11D3-BF4B-00C04F79EFBC}") = "SuperAwesomeFancyPants.Generics", "SuperAwesomeFancyPants.Generics\SuperAwesomeFancyPants.Generics.csproj", "{EC11DACA-BE2D-4E22-B278-3BB39B549990}"
EndProject
Project("{FAE04EC0-301F-11D3-BF4B-00C04F79EFBC}") = "SuperAwesomeFancyPants.Demo", "SuperAwesomeFancyPants.Demo\SuperAwesomeFancyPants.Demo.csproj", "{F08FBAE7-8E58-4EDE-B49C-A970A400B87A}"
EndProject
Project("{FAE04EC0-301F-11D3-BF4B-00C04F79EFBC}") = "SuperAwesomeFancyPants.Web", "SuperAwesomeFancyPants.Web\SuperAwesomeFancyPants.Web.csproj", "{B1452543-0BF2-46C1-97AD-89B94CEEC4BD}"
EndProject
Project("{FAE04EC0-301F-11D3-BF4B-00C04F79EFBC}") = "SuperAwesomeFancyPants.Uwp", "SuperAwesomeFancyPants.Uwp\SuperAwesomeFancyPants.Uwp.csproj", "{3973EC7E-53B5-4AB8-9117-23116EEBC114}"
EndProject
Global
	GlobalSection(SolutionConfigurationPlatforms) = preSolution
		Debug|Any CPU = Debug|Any CPU
		Debug|ARM = Debug|ARM
		Debug|x64 = Debug|x64
		Debug|x86 = Debug|x86
		Release|Any CPU = Release|Any CPU
		Release|ARM = Release|ARM
		Release|x64 = Release|x64
		Release|x86 = Release|x86
	EndGlobalSection
	GlobalSection(ProjectConfigurationPlatforms) = postSolution
		{52B3B3FD-028D-4213-A0B1-6605F35E7BE9}.Debug|Any CPU.ActiveCfg = Debug|Any CPU
		{52B3B3FD-028D-4213-A0B1-6605F35E7BE9}.Debug|Any CPU.Build.0 = Debug|Any CPU
		{52B3B3FD-028D-4213-A0B1-6605F35E7BE9}.Debug|ARM.ActiveCfg = Debug|Any CPU
		{52B3B3FD-028D-4213-A0B1-6605F35E7BE9}.Debug|ARM.Build.0 = Debug|Any CPU
		{52B3B3FD-028D-4213-A0B1-6605F35E7BE9}.Debug|x64.ActiveCfg = Debug|Any CPU
		{52B3B3FD-028D-4213-A0B1-6605F35E7BE9}.Debug|x64.Build.0 = Debug|Any CPU
		{52B3B3FD-028D-4213-A0B1-6605F35E7BE9}.Debug|x86.ActiveCfg = Debug|Any CPU
		{52B3B3FD-028D-4213-A0B1-6605F35E7BE9}.Debug|x86.Build.0 = Debug|Any CPU
		{52B3B3FD-028D-4213-A0B1-6605F35E7BE9}.Release|Any CPU.ActiveCfg = Release|Any CPU
		{52B3B3FD-028D-4213-A0B1-6605F35E7BE9}.Release|Any CPU.Build.0 = Release|Any CPU
		{52B3B3FD-028D-4213-A0B1-6605F35E7BE9}.Release|ARM.ActiveCfg = Release|Any CPU
		{52B3B3FD-028D-4213-A0B1-6605F35E7BE9}.Release|ARM.Build.0 = Release|Any CPU
		{52B3B3FD-028D-4213-A0B1-6605F35E7BE9}.Release|x64.ActiveCfg = Release|Any CPU
		{52B3B3FD-028D-4213-A0B1-6605F35E7BE9}.Release|x64.Build.0 = Release|Any CPU
		{52B3B3FD-028D-4213-A0B1-6605F35E7BE9}.Release|x86.ActiveCfg = Release|Any CPU
		{52B3B3FD-028D-4213-A0B1-6605F35E7BE9}.Release|x86.Build.0 = Release|Any CPU
		{333F8ED9-D83F-4E01-8FCD-2C0DE73E036E}.Debug|Any CPU.ActiveCfg = Debug|Any CPU
		{333F8ED9-D83F-4E01-8FCD-2C0DE73E036E}.Debug|Any CPU.Build.0 = Debug|Any CPU
		{333F8ED9-D83F-4E01-8FCD-2C0DE73E036E}.Debug|ARM.ActiveCfg = Debug|Any CPU
		{333F8ED9-D83F-4E01-8FCD-2C0DE73E036E}.Debug|ARM.Build.0 = Debug|Any CPU
		{333F8ED9-D83F-4E01-8FCD-2C0DE73E036E}.Debug|x64.ActiveCfg = Debug|Any CPU
		{333F8ED9-D83F-4E01-8FCD-2C0DE73E036E}.Debug|x64.Build.0 = Debug|Any CPU
		{333F8ED9-D83F-4E01-8FCD-2C0DE73E036E}.Debug|x86.ActiveCfg = Debug|Any CPU
		{333F8ED9-D83F-4E01-8FCD-2C0DE73E036E}.Debug|x86.Build.0 = Debug|Any CPU
		{333F8ED9-D83F-4E01-8FCD-2C0DE73E036E}.Release|Any CPU.ActiveCfg = Release|Any CPU
		{333F8ED9-D83F-4E01-8FCD-2C0DE73E036E}.Release|Any CPU.Build.0 = Release|Any CPU
		{333F8ED9-D83F-4E01-8FCD-2C0DE73E036E}.Release|ARM.ActiveCfg = Release|Any CPU
		{333F8ED9-D83F-4E01-8FCD-2C0DE73E036E}.Release|ARM.Build.0 = Release|Any CPU
		{333F8ED9-D83F-4E01-8FCD-2C0DE73E036E}.Release|x64.ActiveCfg = Release|Any CPU
		{333F8ED9-D83F-4E01-8FCD-2C0DE73E036E}.Release|x64.Build.0 = Release|Any CPU
		{333F8ED9-D83F-4E01-8FCD-2C0DE73E036E}.Release|x86.ActiveCfg = Release|Any CPU
		{333F8ED9-D83F-4E01-8FCD-2C0DE73E036E}.Release|x86.Build.0 = Release|Any CPU
		{7F2CA18B-6467-4F66-A110-BFA425F21FE7}.Debug|Any CPU.ActiveCfg = Debug|Any CPU
		{7F2CA18B-6467-4F66-A110-BFA425F21FE7}.Debug|Any CPU.Build.0 = Debug|Any CPU
		{7F2CA18B-6467-4F66-A110-BFA425F21FE7}.Debug|ARM.ActiveCfg = Debug|Any CPU
		{7F2CA18B-6467-4F66-A110-BFA425F21FE7}.Debug|ARM.Build.0 = Debug|Any CPU
		{7F2CA18B-6467-4F66-A110-BFA425F21FE7}.Debug|x64.ActiveCfg = Debug|Any CPU
		{7F2CA18B-6467-4F66-A110-BFA425F21FE7}.Debug|x64.Build.0 = Debug|Any CPU
		{7F2CA18B-6467-4F66-A110-BFA425F21FE7}.Debug|x86.ActiveCfg = Debug|Any CPU
		{7F2CA18B-6467-4F66-A110-BFA425F21FE7}.Debug|x86.Build.0 = Debug|Any CPU
		{7F2CA18B-6467-4F66-A110-BFA425F21FE7}.Release|Any CPU.ActiveCfg = Release|Any CPU
		{7F2CA18B-6467-4F66-A110-BFA425F21FE7}.Release|Any CPU.Build.0 = Release|Any CPU
		{7F2CA18B-6467-4F66-A110-BFA425F21FE7}.Release|ARM.ActiveCfg = Release|Any CPU
		{7F2CA18B-6467-4F66-A110-BFA425F21FE7}.Release|ARM.Build.0 = Release|Any CPU
		{7F2CA18B-6467-4F66-A110-BFA425F21FE7}.Release|x64.ActiveCfg = Release|Any CPU
		{7F2CA18B-6467-4F66-A110-BFA425F21FE7}.Release|x64.Build.0 = Release|Any CPU
		{7F2CA18B-6467-4F66-A110-BFA425F21FE7}.Release|x86.ActiveCfg = Release|Any CPU
		{7F2CA18B-6467-4F66-A110-BFA425F21FE7}.Release|x86.Build.0 = Release|Any CPU
		{1FBB8493-12C8-45B5-BFB1-20157E1E37C0}.Debug|Any CPU.ActiveCfg = Debug|Any CPU
		{1FBB8493-12C8-45B5-BFB1-20157E1E37C0}.Debug|Any CPU.Build.0 = Debug|Any CPU
		{1FBB8493-12C8-45B5-BFB1-20157E1E37C0}.Debug|ARM.ActiveCfg = Debug|Any CPU
		{1FBB8493-12C8-45B5-BFB1-20157E1E37C0}.Debug|ARM.Build.0 = Debug|Any CPU
		{1FBB8493-12C8-45B5-BFB1-20157E1E37C0}.Debug|x64.ActiveCfg = Debug|Any CPU
		{1FBB8493-12C8-45B5-BFB1-20157E1E37C0}.Debug|x64.Build.0 = Debug|Any CPU
		{1FBB8493-12C8-45B5-BFB1-20157E1E37C0}.Debug|x86.ActiveCfg = Debug|Any CPU
		{1FBB8493-12C8-45B5-BFB1-20157E1E37C0}.Debug|x86.Build.0 = Debug|Any CPU
		{1FBB8493-12C8-45B5-BFB1-20157E1E37C0}.Release|Any CPU.ActiveCfg = Release|Any CPU
		{1FBB8493-12C8-45B5-BFB1-20157E1E37C0}.Release|Any CPU.Build.0 = Release|Any CPU
		{1FBB8493-12C8-45B5-BFB1-20157E1E37C0}.Release|ARM.ActiveCfg = Release|Any CPU
		{1FBB8493-12C8-45B5-BFB1-20157E1E37C0}.Release|ARM.Build.0 = Release|Any CPU
		{1FBB8493-12C8-45B5-BFB1-20157E1E37C0}.Release|x64.ActiveCfg = Release|Any CPU
		{1FBB8493-12C8-45B5-BFB1-20157E1E37C0}.Release|x64.Build.0 = Release|Any CPU
		{1FBB8493-12C8-45B5-BFB1-20157E1E37C0}.Release|x86.ActiveCfg = Release|Any CPU
		{1FBB8493-12C8-45B5-BFB1-20157E1E37C0}.Release|x86.Build.0 = Release|Any CPU
		{44F91702-5747-4F1B-8AE8-7A1136665F9E}.Debug|Any CPU.ActiveCfg = Debug|Any CPU
		{44F91702-5747-4F1B-8AE8-7A1136665F9E}.Debug|Any CPU.Build.0 = Debug|Any CPU
		{44F91702-5747-4F1B-8AE8-7A1136665F9E}.Debug|ARM.ActiveCfg = Debug|Any CPU
		{44F91702-5747-4F1B-8AE8-7A1136665F9E}.Debug|ARM.Build.0 = Debug|Any CPU
		{44F91702-5747-4F1B-8AE8-7A1136665F9E}.Debug|x64.ActiveCfg = Debug|Any CPU
		{44F91702-5747-4F1B-8AE8-7A1136665F9E}.Debug|x64.Build.0 = Debug|Any CPU
		{44F91702-5747-4F1B-8AE8-7A1136665F9E}.Debug|x86.ActiveCfg = Debug|Any CPU
		{44F91702-5747-4F1B-8AE8-7A1136665F9E}.Debug|x86.Build.0 = Debug|Any CPU
		{44F91702-5747-4F1B-8AE8-7A1136665F9E}.Release|Any CPU.ActiveCfg = Release|Any CPU
		{44F91702-5747-4F1B-8AE8-7A1136665F9E}.Release|Any CPU.Build.0 = Release|Any CPU
		{44F91702-5747-4F1B-8AE8-7A1136665F9E}.Release|ARM.ActiveCfg = Release|Any CPU
		{44F91702-5747-4F1B-8AE8-7A1136665F9E}.Release|ARM.Build.0 = Release|Any CPU
		{44F91702-5747-4F1B-8AE8-7A1136665F9E}.Release|x64.ActiveCfg = Release|Any CPU
		{44F91702-5747-4F1B-8AE8-7A1136665F9E}.Release|x64.Build.0 = Release|Any CPU
		{44F91702-5747-4F1B-8AE8-7A1136665F9E}.Release|x86.ActiveCfg = Release|Any CPU
		{44F91702-5747-4F1B-8AE8-7A1136665F9E}.Release|x86.Build.0 = Release|Any CPU
		{EC11DACA-BE2D-4E22-B278-3BB39B549990}.Debug|Any CPU.ActiveCfg = Debug|Any CPU
		{EC11DACA-BE2D-4E22-B278-3BB39B549990}.Debug|Any CPU.Build.0 = Debug|Any CPU
		{EC11DACA-BE2D-4E22-B278-3BB39B549990}.Debug|ARM.ActiveCfg = Debug|Any CPU
		{EC11DACA-BE2D-4E22-B278-3BB39B549990}.Debug|ARM.Build.0 = Debug|Any CPU
		{EC11DACA-BE2D-4E22-B278-3BB39B549990}.Debug|x64.ActiveCfg = Debug|Any CPU
		{EC11DACA-BE2D-4E22-B278-3BB39B549990}.Debug|x64.Build.0 = Debug|Any CPU
		{EC11DACA-BE2D-4E22-B278-3BB39B549990}.Debug|x86.ActiveCfg = Debug|Any CPU
		{EC11DACA-BE2D-4E22-B278-3BB39B549990}.Debug|x86.Build.0 = Debug|Any CPU
		{EC11DACA-BE2D-4E22-B278-3BB39B549990}.Release|Any CPU.ActiveCfg = Release|Any CPU
		{EC11DACA-BE2D-4E22-B278-3BB39B549990}.Release|Any CPU.Build.0 = Release|Any CPU
		{EC11DACA-BE2D-4E22-B278-3BB39B549990}.Release|ARM.ActiveCfg = Release|Any CPU
		{EC11DACA-BE2D-4E22-B278-3BB39B549990}.Release|ARM.Build.0 = Release|Any CPU
		{EC11DACA-BE2D-4E22-B278-3BB39B549990}.Release|x64.ActiveCfg = Release|Any CPU
		{EC11DACA-BE2D-4E22-B278-3BB39B549990}.Release|x64.Build.0 = Release|Any CPU
		{EC11DACA-BE2D-4E22-B278-3BB39B549990}.Release|x86.ActiveCfg = Release|Any CPU
		{EC11DACA-BE2D-4E22-B278-3BB39B549990}.Release|x86.Build.0 = Release|Any CPU
		{F08FBAE7-8E58-4EDE-B49C-A970A400B87A}.Debug|Any CPU.ActiveCfg = Debug|Any CPU
		{F08FBAE7-8E58-4EDE-B49C-A970A400B87A}.Debug|Any CPU.Build.0 = Debug|Any CPU
		{F08FBAE7-8E58-4EDE-B49C-A970A400B87A}.Debug|ARM.ActiveCfg = Debug|Any CPU
		{F08FBAE7-8E58-4EDE-B49C-A970A400B87A}.Debug|ARM.Build.0 = Debug|Any CPU
		{F08FBAE7-8E58-4EDE-B49C-A970A400B87A}.Debug|x64.ActiveCfg = Debug|Any CPU
		{F08FBAE7-8E58-4EDE-B49C-A970A400B87A}.Debug|x64.Build.0 = Debug|Any CPU
		{F08FBAE7-8E58-4EDE-B49C-A970A400B87A}.Debug|x86.ActiveCfg = Debug|Any CPU
		{F08FBAE7-8E58-4EDE-B49C-A970A400B87A}.Debug|x86.Build.0 = Debug|Any CPU
		{F08FBAE7-8E58-4EDE-B49C-A970A400B87A}.Release|Any CPU.ActiveCfg = Release|Any CPU
		{F08FBAE7-8E58-4EDE-B49C-A970A400B87A}.Release|Any CPU.Build.0 = Release|Any CPU
		{F08FBAE7-8E58-4EDE-B49C-A970A400B87A}.Release|ARM.ActiveCfg = Release|Any CPU
		{F08FBAE7-8E58-4EDE-B49C-A970A400B87A}.Release|ARM.Build.0 = Release|Any CPU
		{F08FBAE7-8E58-4EDE-B49C-A970A400B87A}.Release|x64.ActiveCfg = Release|Any CPU
		{F08FBAE7-8E58-4EDE-B49C-A970A400B87A}.Release|x64.Build.0 = Release|Any CPU
		{F08FBAE7-8E58-4EDE-B49C-A970A400B87A}.Release|x86.ActiveCfg = Release|Any CPU
		{F08FBAE7-8E58-4EDE-B49C-A970A400B87A}.Release|x86.Build.0 = Release|Any CPU
		{B1452543-0BF2-46C1-97AD-89B94CEEC4BD}.Debug|Any CPU.ActiveCfg = Debug|Any CPU
		{B1452543-0BF2-46C1-97AD-89B94CEEC4BD}.Debug|Any CPU.Build.0 = Debug|Any CPU
		{B1452543-0BF2-46C1-97AD-89B94CEEC4BD}.Debug|ARM.ActiveCfg = Debug|Any CPU
		{B1452543-0BF2-46C1-97AD-89B94CEEC4BD}.Debug|ARM.Build.0 = Debug|Any CPU
		{B1452543-0BF2-46C1-97AD-89B94CEEC4BD}.Debug|x64.ActiveCfg = Debug|Any CPU
		{B1452543-0BF2-46C1-97AD-89B94CEEC4BD}.Debug|x64.Build.0 = Debug|Any CPU
		{B1452543-0BF2-46C1-97AD-89B94CEEC4BD}.Debug|x86.ActiveCfg = Debug|Any CPU
		{B1452543-0BF2-46C1-97AD-89B94CEEC4BD}.Debug|x86.Build.0 = Debug|Any CPU
		{B1452543-0BF2-46C1-97AD-89B94CEEC4BD}.Release|Any CPU.ActiveCfg = Release|Any CPU
		{B1452543-0BF2-46C1-97AD-89B94CEEC4BD}.Release|Any CPU.Build.0 = Release|Any CPU
		{B1452543-0BF2-46C1-97AD-89B94CEEC4BD}.Release|ARM.ActiveCfg = Release|Any CPU
		{B1452543-0BF2-46C1-97AD-89B94CEEC4BD}.Release|ARM.Build.0 = Release|Any CPU
		{B1452543-0BF2-46C1-97AD-89B94CEEC4BD}.Release|x64.ActiveCfg = Release|Any CPU
		{B1452543-0BF2-46C1-97AD-89B94CEEC4BD}.Release|x64.Build.0 = Release|Any CPU
		{B1452543-0BF2-46C1-97AD-89B94CEEC4BD}.Release|x86.ActiveCfg = Release|Any CPU
		{B1452543-0BF2-46C1-97AD-89B94CEEC4BD}.Release|x86.Build.0 = Release|Any CPU
		{3973EC7E-53B5-4AB8-9117-23116EEBC114}.Debug|Any CPU.ActiveCfg = Debug|x86
		{3973EC7E-53B5-4AB8-9117-23116EEBC114}.Debug|ARM.ActiveCfg = Debug|ARM
		{3973EC7E-53B5-4AB8-9117-23116EEBC114}.Debug|ARM.Build.0 = Debug|ARM
		{3973EC7E-53B5-4AB8-9117-23116EEBC114}.Debug|ARM.Deploy.0 = Debug|ARM
		{3973EC7E-53B5-4AB8-9117-23116EEBC114}.Debug|x64.ActiveCfg = Debug|x64
		{3973EC7E-53B5-4AB8-9117-23116EEBC114}.Debug|x64.Build.0 = Debug|x64
		{3973EC7E-53B5-4AB8-9117-23116EEBC114}.Debug|x64.Deploy.0 = Debug|x64
		{3973EC7E-53B5-4AB8-9117-23116EEBC114}.Debug|x86.ActiveCfg = Debug|x86
		{3973EC7E-53B5-4AB8-9117-23116EEBC114}.Debug|x86.Build.0 = Debug|x86
		{3973EC7E-53B5-4AB8-9117-23116EEBC114}.Debug|x86.Deploy.0 = Debug|x86
		{3973EC7E-53B5-4AB8-9117-23116EEBC114}.Release|Any CPU.ActiveCfg = Release|x86
		{3973EC7E-53B5-4AB8-9117-23116EEBC114}.Release|ARM.ActiveCfg = Release|ARM
		{3973EC7E-53B5-4AB8-9117-23116EEBC114}.Release|ARM.Build.0 = Release|ARM
		{3973EC7E-53B5-4AB8-9117-23116EEBC114}.Release|ARM.Deploy.0 = Release|ARM
		{3973EC7E-53B5-4AB8-9117-23116EEBC114}.Release|x64.ActiveCfg = Release|x64
		{3973EC7E-53B5-4AB8-9117-23116EEBC114}.Release|x64.Build.0 = Release|x64
		{3973EC7E-53B5-4AB8-9117-23116EEBC114}.Release|x64.Deploy.0 = Release|x64
		{3973EC7E-53B5-4AB8-9117-23116EEBC114}.Release|x86.ActiveCfg = Release|x86
		{3973EC7E-53B5-4AB8-9117-23116EEBC114}.Release|x86.Build.0 = Release|x86
		{3973EC7E-53B5-4AB8-9117-23116EEBC114}.Release|x86.Deploy.0 = Release|x86
	EndGlobalSection
	GlobalSection(SolutionProperties) = preSolution
		HideSolutionNode = FALSE
	EndGlobalSection
	GlobalSection(ExtensibilityGlobals) = postSolution
		SolutionGuid = {98019690-8120-4C26-91B2-37903A53A747}
	EndGlobalSection
EndGlobal
